
Microsoft Visual Studio Solution File, Format Version 12.00
# Visual Studio Version 17
VisualStudioVersion = 17.8.34316.72
MinimumVisualStudioVersion = 10.0.40219.1
Project("{FAE04EC0-301F-11D3-BF4B-00C04F79EFBC}") = "MyAmazonApp", "MyAmazonApp.csproj", "{76CCB0BE-6D44-429D-9941-69DFD13348EF}"
	ProjectSection(ProjectDependencies) = postProject
		{219566AE-E4C8-4AC3-BAD2-0A44BBCEFB11} = {219566AE-E4C8-4AC3-BAD2-0A44BBCEFB11}
	EndProjectSection
EndProject
Project("{FAE04EC0-301F-11D3-BF4B-00C04F79EFBC}") = "EntityLibrary", "..\EntityLibrary\EntityLibrary.csproj", "{219566AE-E4C8-4AC3-BAD2-0A44BBCEFB11}"
EndProject
Global
	GlobalSection(SolutionConfigurationPlatforms) = preSolution
		Debug|Any CPU = Debug|Any CPU
		Release|Any CPU = Release|Any CPU
	EndGlobalSection
	GlobalSection(ProjectConfigurationPlatforms) = postSolution
		{76CCB0BE-6D44-429D-9941-69DFD13348EF}.Debug|Any CPU.ActiveCfg = Debug|Any CPU
		{76CCB0BE-6D44-429D-9941-69DFD13348EF}.Debug|Any CPU.Build.0 = Debug|Any CPU
		{76CCB0BE-6D44-429D-9941-69DFD13348EF}.Release|Any CPU.ActiveCfg = Release|Any CPU
		{76CCB0BE-6D44-429D-9941-69DFD13348EF}.Release|Any CPU.Build.0 = Release|Any CPU
		{219566AE-E4C8-4AC3-BAD2-0A44BBCEFB11}.Debug|Any CPU.ActiveCfg = Debug|Any CPU
		{219566AE-E4C8-4AC3-BAD2-0A44BBCEFB11}.Debug|Any CPU.Build.0 = Debug|Any CPU
		{219566AE-E4C8-4AC3-BAD2-0A44BBCEFB11}.Release|Any CPU.ActiveCfg = Release|Any CPU
		{219566AE-E4C8-4AC3-BAD2-0A44BBCEFB11}.Release|Any CPU.Build.0 = Release|Any CPU
	EndGlobalSection
	GlobalSection(SolutionProperties) = preSolution
		HideSolutionNode = FALSE
	EndGlobalSection
	GlobalSection(ExtensibilityGlobals) = postSolution
		SolutionGuid = {0FD7D041-7B8E-4189-8396-91A3ED2CF84B}
	EndGlobalSection
EndGlobal
